// !$*UTF8*$!
{
	archiveVersion = 1;
	classes = {
	};
	objectVersion = 46;
	objects = {

/* Begin PBXBuildFile section */
		56A4A2751C7B3F0800762DA8 /* main.m in Sources */ = {isa = PBXBuildFile; fileRef = 56A4A2741C7B3F0800762DA8 /* main.m */; };
		56A4A2781C7B3F0800762DA8 /* AppDelegate.m in Sources */ = {isa = PBXBuildFile; fileRef = 56A4A2771C7B3F0800762DA8 /* AppDelegate.m */; };
		56A4A27B1C7B3F0800762DA8 /* ViewController.m in Sources */ = {isa = PBXBuildFile; fileRef = 56A4A27A1C7B3F0800762DA8 /* ViewController.m */; };
		56A4A27E1C7B3F0800762DA8 /* Main.storyboard in Resources */ = {isa = PBXBuildFile; fileRef = 56A4A27C1C7B3F0800762DA8 /* Main.storyboard */; };
		56A4A2801C7B3F0800762DA8 /* Assets.xcassets in Resources */ = {isa = PBXBuildFile; fileRef = 56A4A27F1C7B3F0800762DA8 /* Assets.xcassets */; };
		56A4A2831C7B3F0800762DA8 /* LaunchScreen.storyboard in Resources */ = {isa = PBXBuildFile; fileRef = 56A4A2811C7B3F0800762DA8 /* LaunchScreen.storyboard */; };
		56A4A28E1C7B3F0800762DA8 /* TRYTests.m in Sources */ = {isa = PBXBuildFile; fileRef = 56A4A28D1C7B3F0800762DA8 /* TRYTests.m */; };
		56A4A2991C7B3F0800762DA8 /* TRYUITests.m in Sources */ = {isa = PBXBuildFile; fileRef = 56A4A2981C7B3F0800762DA8 /* TRYUITests.m */; };
/* End PBXBuildFile section */

/* Begin PBXContainerItemProxy section */
		56A4A28A1C7B3F0800762DA8 /* PBXContainerItemProxy */ = {
			isa = PBXContainerItemProxy;
			containerPortal = 56A4A2681C7B3F0800762DA8 /* Project object */;
			proxyType = 1;
			remoteGlobalIDString = 56A4A26F1C7B3F0800762DA8;
			remoteInfo = TRY;
		};
		56A4A2951C7B3F0800762DA8 /* PBXContainerItemProxy */ = {
			isa = PBXContainerItemProxy;
			containerPortal = 56A4A2681C7B3F0800762DA8 /* Project object */;
			proxyType = 1;
			remoteGlobalIDString = 56A4A26F1C7B3F0800762DA8;
			remoteInfo = TRY;
		};
/* End PBXContainerItemProxy section */

/* Begin PBXFileReference section */
		56A4A2701C7B3F0800762DA8 /* TRY.app */ = {isa = PBXFileReference; explicitFileType = wrapper.application; includeInIndex = 0; path = TRY.app; sourceTree = BUILT_PRODUCTS_DIR; };
		56A4A2741C7B3F0800762DA8 /* main.m */ = {isa = PBXFileReference; lastKnownFileType = sourcecode.c.objc; path = main.m; sourceTree = "<group>"; };
		56A4A2761C7B3F0800762DA8 /* AppDelegate.h */ = {isa = PBXFileReference; lastKnownFileType = sourcecode.c.h; path = AppDelegate.h; sourceTree = "<group>"; };
		56A4A2771C7B3F0800762DA8 /* AppDelegate.m */ = {isa = PBXFileReference; lastKnownFileType = sourcecode.c.objc; path = AppDelegate.m; sourceTree = "<group>"; };
		56A4A2791C7B3F0800762DA8 /* ViewController.h */ = {isa = PBXFileReference; lastKnownFileType = sourcecode.c.h; path = ViewController.h; sourceTree = "<group>"; };
		56A4A27A1C7B3F0800762DA8 /* ViewController.m */ = {isa = PBXFileReference; lastKnownFileType = sourcecode.c.objc; path = ViewController.m; sourceTree = "<group>"; };
		56A4A27D1C7B3F0800762DA8 /* Base */ = {isa = PBXFileReference; lastKnownFileType = file.storyboard; name = Base; path = Base.lproj/Main.storyboard; sourceTree = "<group>"; };
		56A4A27F1C7B3F0800762DA8 /* Assets.xcassets */ = {isa = PBXFileReference; lastKnownFileType = folder.assetcatalog; path = Assets.xcassets; sourceTree = "<group>"; };
		56A4A2821C7B3F0800762DA8 /* Base */ = {isa = PBXFileReference; lastKnownFileType = file.storyboard; name = Base; path = Base.lproj/LaunchScreen.storyboard; sourceTree = "<group>"; };
		56A4A2841C7B3F0800762DA8 /* Info.plist */ = {isa = PBXFileReference; lastKnownFileType = text.plist.xml; path = Info.plist; sourceTree = "<group>"; };
		56A4A2891C7B3F0800762DA8 /* TRYTests.xctest */ = {isa = PBXFileReference; explicitFileType = wrapper.cfbundle; includeInIndex = 0; path = TRYTests.xctest; sourceTree = BUILT_PRODUCTS_DIR; };
		56A4A28D1C7B3F0800762DA8 /* TRYTests.m */ = {isa = PBXFileReference; lastKnownFileType = sourcecode.c.objc; path = TRYTests.m; sourceTree = "<group>"; };
		56A4A28F1C7B3F0800762DA8 /* Info.plist */ = {isa = PBXFileReference; lastKnownFileType = text.plist.xml; path = Info.plist; sourceTree = "<group>"; };
		56A4A2941C7B3F0800762DA8 /* TRYUITests.xctest */ = {isa = PBXFileReference; explicitFileType = wrapper.cfbundle; includeInIndex = 0; path = TRYUITests.xctest; sourceTree = BUILT_PRODUCTS_DIR; };
		56A4A2981C7B3F0800762DA8 /* TRYUITests.m */ = {isa = PBXFileReference; lastKnownFileType = sourcecode.c.objc; path = TRYUITests.m; sourceTree = "<group>"; };
		56A4A29A1C7B3F0800762DA8 /* Info.plist */ = {isa = PBXFileReference; lastKnownFileType = text.plist.xml; path = Info.plist; sourceTree = "<group>"; };
/* End PBXFileReference section */

/* Begin PBXFrameworksBuildPhase section */
		56A4A26D1C7B3F0800762DA8 /* Frameworks */ = {
			isa = PBXFrameworksBuildPhase;
			buildActionMask = 2147483647;
			files = (
			);
			runOnlyForDeploymentPostprocessing = 0;
		};
		56A4A2861C7B3F0800762DA8 /* Frameworks */ = {
			isa = PBXFrameworksBuildPhase;
			buildActionMask = 2147483647;
			files = (
			);
			runOnlyForDeploymentPostprocessing = 0;
		};
		56A4A2911C7B3F0800762DA8 /* Frameworks */ = {
			isa = PBXFrameworksBuildPhase;
			buildActionMask = 2147483647;
			files = (
			);
			runOnlyForDeploymentPostprocessing = 0;
		};
/* End PBXFrameworksBuildPhase section */

/* Begin PBXGroup section */
		56A4A2671C7B3F0800762DA8 = {
			isa = PBXGroup;
			children = (
				56A4A2721C7B3F0800762DA8 /* TRY */,
				56A4A28C1C7B3F0800762DA8 /* TRYTests */,
				56A4A2971C7B3F0800762DA8 /* TRYUITests */,
				56A4A2711C7B3F0800762DA8 /* Products */,
			);
			sourceTree = "<group>";
		};
		56A4A2711C7B3F0800762DA8 /* Products */ = {
			isa = PBXGroup;
			children = (
				56A4A2701C7B3F0800762DA8 /* TRY.app */,
				56A4A2891C7B3F0800762DA8 /* TRYTests.xctest */,
				56A4A2941C7B3F0800762DA8 /* TRYUITests.xctest */,
			);
			name = Products;
			sourceTree = "<group>";
		};
		56A4A2721C7B3F0800762DA8 /* TRY */ = {
			isa = PBXGroup;
			children = (
				56A4A2761C7B3F0800762DA8 /* AppDelegate.h */,
				56A4A2771C7B3F0800762DA8 /* AppDelegate.m */,
				56A4A2791C7B3F0800762DA8 /* ViewController.h */,
				56A4A27A1C7B3F0800762DA8 /* ViewController.m */,
				56A4A27C1C7B3F0800762DA8 /* Main.storyboard */,
				56A4A27F1C7B3F0800762DA8 /* Assets.xcassets */,
				56A4A2811C7B3F0800762DA8 /* LaunchScreen.storyboard */,
				56A4A2841C7B3F0800762DA8 /* Info.plist */,
				56A4A2731C7B3F0800762DA8 /* Supporting Files */,
			);
			path = TRY;
			sourceTree = "<group>";
		};
		56A4A2731C7B3F0800762DA8 /* Supporting Files */ = {
			isa = PBXGroup;
			children = (
				56A4A2741C7B3F0800762DA8 /* main.m */,
			);
			name = "Supporting Files";
			sourceTree = "<group>";
		};
		56A4A28C1C7B3F0800762DA8 /* TRYTests */ = {
			isa = PBXGroup;
			children = (
				56A4A28D1C7B3F0800762DA8 /* TRYTests.m */,
				56A4A28F1C7B3F0800762DA8 /* Info.plist */,
			);
			path = TRYTests;
			sourceTree = "<group>";
		};
		56A4A2971C7B3F0800762DA8 /* TRYUITests */ = {
			isa = PBXGroup;
			children = (
				56A4A2981C7B3F0800762DA8 /* TRYUITests.m */,
				56A4A29A1C7B3F0800762DA8 /* Info.plist */,
			);
			path = TRYUITests;
			sourceTree = "<group>";
		};
/* End PBXGroup section */

/* Begin PBXNativeTarget section */
		56A4A26F1C7B3F0800762DA8 /* TRY */ = {
			isa = PBXNativeTarget;
			buildConfigurationList = 56A4A29D1C7B3F0800762DA8 /* Build configuration list for PBXNativeTarget "TRY" */;
			buildPhases = (
				56A4A26C1C7B3F0800762DA8 /* Sources */,
				56A4A26D1C7B3F0800762DA8 /* Frameworks */,
				56A4A26E1C7B3F0800762DA8 /* Resources */,
			);
			buildRules = (
			);
			dependencies = (
			);
			name = TRY;
			productName = TRY;
			productReference = 56A4A2701C7B3F0800762DA8 /* TRY.app */;
			productType = "com.apple.product-type.application";
		};
		56A4A2881C7B3F0800762DA8 /* TRYTests */ = {
			isa = PBXNativeTarget;
			buildConfigurationList = 56A4A2A01C7B3F0800762DA8 /* Build configuration list for PBXNativeTarget "TRYTests" */;
			buildPhases = (
				56A4A2851C7B3F0800762DA8 /* Sources */,
				56A4A2861C7B3F0800762DA8 /* Frameworks */,
				56A4A2871C7B3F0800762DA8 /* Resources */,
			);
			buildRules = (
			);
			dependencies = (
				56A4A28B1C7B3F0800762DA8 /* PBXTargetDependency */,
			);
			name = TRYTests;
			productName = TRYTests;
			productReference = 56A4A2891C7B3F0800762DA8 /* TRYTests.xctest */;
			productType = "com.apple.product-type.bundle.unit-test";
		};
		56A4A2931C7B3F0800762DA8 /* TRYUITests */ = {
			isa = PBXNativeTarget;
			buildConfigurationList = 56A4A2A31C7B3F0800762DA8 /* Build configuration list for PBXNativeTarget "TRYUITests" */;
			buildPhases = (
				56A4A2901C7B3F0800762DA8 /* Sources */,
				56A4A2911C7B3F0800762DA8 /* Frameworks */,
				56A4A2921C7B3F0800762DA8 /* Resources */,
			);
			buildRules = (
			);
			dependencies = (
				56A4A2961C7B3F0800762DA8 /* PBXTargetDependency */,
			);
			name = TRYUITests;
			productName = TRYUITests;
			productReference = 56A4A2941C7B3F0800762DA8 /* TRYUITests.xctest */;
			productType = "com.apple.product-type.bundle.ui-testing";
		};
/* End PBXNativeTarget section */

/* Begin PBXProject section */
		56A4A2681C7B3F0800762DA8 /* Project object */ = {
			isa = PBXProject;
			attributes = {
				LastUpgradeCheck = 0720;
				ORGANIZATIONNAME = cs;
				TargetAttributes = {
					56A4A26F1C7B3F0800762DA8 = {
						CreatedOnToolsVersion = 7.2.1;
					};
					56A4A2881C7B3F0800762DA8 = {
						CreatedOnToolsVersion = 7.2.1;
						TestTargetID = 56A4A26F1C7B3F0800762DA8;
					};
					56A4A2931C7B3F0800762DA8 = {
						CreatedOnToolsVersion = 7.2.1;
						TestTargetID = 56A4A26F1C7B3F0800762DA8;
					};
				};
			};
			buildConfigurationList = 56A4A26B1C7B3F0800762DA8 /* Build configuration list for PBXProject "TRY" */;
			compatibilityVersion = "Xcode 3.2";
			developmentRegion = English;
			hasScannedForEncodings = 0;
			knownRegions = (
				en,
				Base,
			);
			mainGroup = 56A4A2671C7B3F0800762DA8;
			productRefGroup = 56A4A2711C7B3F0800762DA8 /* Products */;
			projectDirPath = "";
			projectRoot = "";
			targets = (
				56A4A26F1C7B3F0800762DA8 /* TRY */,
				56A4A2881C7B3F0800762DA8 /* TRYTests */,
				56A4A2931C7B3F0800762DA8 /* TRYUITests */,
			);
		};
/* End PBXProject section */

/* Begin PBXResourcesBuildPhase section */
		56A4A26E1C7B3F0800762DA8 /* Resources */ = {
			isa = PBXResourcesBuildPhase;
			buildActionMask = 2147483647;
			files = (
				56A4A2831C7B3F0800762DA8 /* LaunchScreen.storyboard in Resources */,
				56A4A2801C7B3F0800762DA8 /* Assets.xcassets in Resources */,
				56A4A27E1C7B3F0800762DA8 /* Main.storyboard in Resources */,
			);
			runOnlyForDeploymentPostprocessing = 0;
		};
		56A4A2871C7B3F0800762DA8 /* Resources */ = {
			isa = PBXResourcesBuildPhase;
			buildActionMask = 2147483647;
			files = (
			);
			runOnlyForDeploymentPostprocessing = 0;
		};
		56A4A2921C7B3F0800762DA8 /* Resources */ = {
			isa = PBXResourcesBuildPhase;
			buildActionMask = 2147483647;
			files = (
			);
			runOnlyForDeploymentPostprocessing = 0;
		};
/* End PBXResourcesBuildPhase section */

/* Begin PBXSourcesBuildPhase section */
		56A4A26C1C7B3F0800762DA8 /* Sources */ = {
			isa = PBXSourcesBuildPhase;
			buildActionMask = 2147483647;
			files = (
				56A4A27B1C7B3F0800762DA8 /* ViewController.m in Sources */,
				56A4A2781C7B3F0800762DA8 /* AppDelegate.m in Sources */,
				56A4A2751C7B3F0800762DA8 /* main.m in Sources */,
			);
			runOnlyForDeploymentPostprocessing = 0;
		};
		56A4A2851C7B3F0800762DA8 /* Sources */ = {
			isa = PBXSourcesBuildPhase;
			buildActionMask = 2147483647;
			files = (
				56A4A28E1C7B3F0800762DA8 /* TRYTests.m in Sources */,
			);
			runOnlyForDeploymentPostprocessing = 0;
		};
		56A4A2901C7B3F0800762DA8 /* Sources */ = {
			isa = PBXSourcesBuildPhase;
			buildActionMask = 2147483647;
			files = (
				56A4A2991C7B3F0800762DA8 /* TRYUITests.m in Sources */,
			);
			runOnlyForDeploymentPostprocessing = 0;
		};
/* End PBXSourcesBuildPhase section */

/* Begin PBXTargetDependency section */
		56A4A28B1C7B3F0800762DA8 /* PBXTargetDependency */ = {
			isa = PBXTargetDependency;
			target = 56A4A26F1C7B3F0800762DA8 /* TRY */;
			targetProxy = 56A4A28A1C7B3F0800762DA8 /* PBXContainerItemProxy */;
		};
		56A4A2961C7B3F0800762DA8 /* PBXTargetDependency */ = {
			isa = PBXTargetDependency;
			target = 56A4A26F1C7B3F0800762DA8 /* TRY */;
			targetProxy = 56A4A2951C7B3F0800762DA8 /* PBXContainerItemProxy */;
		};
/* End PBXTargetDependency section */

/* Begin PBXVariantGroup section */
		56A4A27C1C7B3F0800762DA8 /* Main.storyboard */ = {
			isa = PBXVariantGroup;
			children = (
				56A4A27D1C7B3F0800762DA8 /* Base */,
			);
			name = Main.storyboard;
			sourceTree = "<group>";
		};
		56A4A2811C7B3F0800762DA8 /* LaunchScreen.storyboard */ = {
			isa = PBXVariantGroup;
			children = (
				56A4A2821C7B3F0800762DA8 /* Base */,
			);
			name = LaunchScreen.storyboard;
			sourceTree = "<group>";
		};
/* End PBXVariantGroup section */

/* Begin XCBuildConfiguration section */
		56A4A29B1C7B3F0800762DA8 /* Debug */ = {
			isa = XCBuildConfiguration;
			buildSettings = {
				ALWAYS_SEARCH_USER_PATHS = NO;
				CLANG_CXX_LANGUAGE_STANDARD = "gnu++0x";
				CLANG_CXX_LIBRARY = "libc++";
				CLANG_ENABLE_MODULES = YES;
				CLANG_ENABLE_OBJC_ARC = YES;
				CLANG_WARN_BOOL_CONVERSION = YES;
				CLANG_WARN_CONSTANT_CONVERSION = YES;
				CLANG_WARN_DIRECT_OBJC_ISA_USAGE = YES_ERROR;
				CLANG_WARN_EMPTY_BODY = YES;
				CLANG_WARN_ENUM_CONVERSION = YES;
				CLANG_WARN_INT_CONVERSION = YES;
				CLANG_WARN_OBJC_ROOT_CLASS = YES_ERROR;
				CLANG_WARN_UNREACHABLE_CODE = YES;
				CLANG_WARN__DUPLICATE_METHOD_MATCH = YES;
				"CODE_SIGN_IDENTITY[sdk=iphoneos*]" = "iPhone Developer";
				COPY_PHASE_STRIP = NO;
				DEBUG_INFORMATION_FORMAT = dwarf;
				ENABLE_STRICT_OBJC_MSGSEND = YES;
				ENABLE_TESTABILITY = YES;
				GCC_C_LANGUAGE_STANDARD = gnu99;
				GCC_DYNAMIC_NO_PIC = NO;
				GCC_NO_COMMON_BLOCKS = YES;
				GCC_OPTIMIZATION_LEVEL = 0;
				GCC_PREPROCESSOR_DEFINITIONS = (
					"DEBUG=1",
					"$(inherited)",
				);
				GCC_WARN_64_TO_32_BIT_CONVERSION = YES;
				GCC_WARN_ABOUT_RETURN_TYPE = YES_ERROR;
				GCC_WARN_UNDECLARED_SELECTOR = YES;
				GCC_WARN_UNINITIALIZED_AUTOS = YES_AGGRESSIVE;
				GCC_WARN_UNUSED_FUNCTION = YES;
				GCC_WARN_UNUSED_VARIABLE = YES;
				IPHONEOS_DEPLOYMENT_TARGET = 9.2;
				MTL_ENABLE_DEBUG_INFO = YES;
				ONLY_ACTIVE_ARCH = YES;
				SDKROOT = iphoneos;
			};
			name = Debug;
		};
		56A4A29C1C7B3F0800762DA8 /* Release */ = {
			isa = XCBuildConfiguration;
			buildSettings = {
				ALWAYS_SEARCH_USER_PATHS = NO;
				CLANG_CXX_LANGUAGE_STANDARD = "gnu++0x";
				CLANG_CXX_LIBRARY = "libc++";
				CLANG_ENABLE_MODULES = YES;
				CLANG_ENABLE_OBJC_ARC = YES;
				CLANG_WARN_BOOL_CONVERSION = YES;
				CLANG_WARN_CONSTANT_CONVERSION = YES;
				CLANG_WARN_DIRECT_OBJC_ISA_USAGE = YES_ERROR;
				CLANG_WARN_EMPTY_BODY = YES;
				CLANG_WARN_ENUM_CONVERSION = YES;
				CLANG_WARN_INT_CONVERSION = YES;
				CLANG_WARN_OBJC_ROOT_CLASS = YES_ERROR;
				CLANG_WARN_UNREACHABLE_CODE = YES;
				CLANG_WARN__DUPLICATE_METHOD_MATCH = YES;
				"CODE_SIGN_IDENTITY[sdk=iphoneos*]" = "iPhone Developer";
				COPY_PHASE_STRIP = NO;
				DEBUG_INFORMATION_FORMAT = "dwarf-with-dsym";
				ENABLE_NS_ASSERTIONS = NO;
				ENABLE_STRICT_OBJC_MSGSEND = YES;
				GCC_C_LANGUAGE_STANDARD = gnu99;
				GCC_NO_COMMON_BLOCKS = YES;
				GCC_WARN_64_TO_32_BIT_CONVERSION = YES;
				GCC_WARN_ABOUT_RETURN_TYPE = YES_ERROR;
				GCC_WARN_UNDECLARED_SELECTOR = YES;
				GCC_WARN_UNINITIALIZED_AUTOS = YES_AGGRESSIVE;
				GCC_WARN_UNUSED_FUNCTION = YES;
				GCC_WARN_UNUSED_VARIABLE = YES;
				IPHONEOS_DEPLOYMENT_TARGET = 9.2;
				MTL_ENABLE_DEBUG_INFO = NO;
				SDKROOT = iphoneos;
				VALIDATE_PRODUCT = YES;
			};
			name = Release;
		};
		56A4A29E1C7B3F0800762DA8 /* Debug */ = {
			isa = XCBuildConfiguration;
			buildSettings = {
				ASSETCATALOG_COMPILER_APPICON_NAME = AppIcon;
				INFOPLIST_FILE = TRY/Info.plist;
				LD_RUNPATH_SEARCH_PATHS = "$(inherited) @executable_path/Frameworks";
				PRODUCT_BUNDLE_IDENTIFIER = cpm.cs.TRY;
				PRODUCT_NAME = "$(TARGET_NAME)";
			};
			name = Debug;
		};
		56A4A29F1C7B3F0800762DA8 /* Release */ = {
			isa = XCBuildConfiguration;
			buildSettings = {
				ASSETCATALOG_COMPILER_APPICON_NAME = AppIcon;
				INFOPLIST_FILE = TRY/Info.plist;
				LD_RUNPATH_SEARCH_PATHS = "$(inherited) @executable_path/Frameworks";
				PRODUCT_BUNDLE_IDENTIFIER = cpm.cs.TRY;
				PRODUCT_NAME = "$(TARGET_NAME)";
			};
			name = Release;
		};
		56A4A2A11C7B3F0800762DA8 /* Debug */ = {
			isa = XCBuildConfiguration;
			buildSettings = {
				BUNDLE_LOADER = "$(TEST_HOST)";
				INFOPLIST_FILE = TRYTests/Info.plist;
				LD_RUNPATH_SEARCH_PATHS = "$(inherited) @executable_path/Frameworks @loader_path/Frameworks";
				PRODUCT_BUNDLE_IDENTIFIER = cpm.cs.TRYTests;
				PRODUCT_NAME = "$(TARGET_NAME)";
				TEST_HOST = "$(BUILT_PRODUCTS_DIR)/TRY.app/TRY";
			};
			name = Debug;
		};
		56A4A2A21C7B3F0800762DA8 /* Release */ = {
			isa = XCBuildConfiguration;
			buildSettings = {
				BUNDLE_LOADER = "$(TEST_HOST)";
				INFOPLIST_FILE = TRYTests/Info.plist;
				LD_RUNPATH_SEARCH_PATHS = "$(inherited) @executable_path/Frameworks @loader_path/Frameworks";
				PRODUCT_BUNDLE_IDENTIFIER = cpm.cs.TRYTests;
				PRODUCT_NAME = "$(TARGET_NAME)";
				TEST_HOST = "$(BUILT_PRODUCTS_DIR)/TRY.app/TRY";
			};
			name = Release;
		};
		56A4A2A41C7B3F0800762DA8 /* Debug */ = {
			isa = XCBuildConfiguration;
			buildSettings = {
				INFOPLIST_FILE = TRYUITests/Info.plist;
				LD_RUNPATH_SEARCH_PATHS = "$(inherited) @executable_path/Frameworks @loader_path/Frameworks";
				PRODUCT_BUNDLE_IDENTIFIER = cpm.cs.TRYUITests;
				PRODUCT_NAME = "$(TARGET_NAME)";
				TEST_TARGET_NAME = TRY;
				USES_XCTRUNNER = YES;
			};
			name = Debug;
		};
		56A4A2A51C7B3F0800762DA8 /* Release */ = {
			isa = XCBuildConfiguration;
			buildSettings = {
				INFOPLIST_FILE = TRYUITests/Info.plist;
				LD_RUNPATH_SEARCH_PATHS = "$(inherited) @executable_path/Frameworks @loader_path/Frameworks";
				PRODUCT_BUNDLE_IDENTIFIER = cpm.cs.TRYUITests;
				PRODUCT_NAME = "$(TARGET_NAME)";
				TEST_TARGET_NAME = TRY;
				USES_XCTRUNNER = YES;
			};
			name = Release;
		};
/* End XCBuildConfiguration section */

/* Begin XCConfigurationList section */
		56A4A26B1C7B3F0800762DA8 /* Build configuration list for PBXProject "TRY" */ = {
			isa = XCConfigurationList;
			buildConfigurations = (
				56A4A29B1C7B3F0800762DA8 /* Debug */,
				56A4A29C1C7B3F0800762DA8 /* Release */,
			);
			defaultConfigurationIsVisible = 0;
			defaultConfigurationName = Release;
		};
		56A4A29D1C7B3F0800762DA8 /* Build configuration list for PBXNativeTarget "TRY" */ = {
			isa = XCConfigurationList;
			buildConfigurations = (
				56A4A29E1C7B3F0800762DA8 /* Debug */,
				56A4A29F1C7B3F0800762DA8 /* Release */,
			);
			defaultConfigurationIsVisible = 0;
		};
		56A4A2A01C7B3F0800762DA8 /* Build configuration list for PBXNativeTarget "TRYTests" */ = {
			isa = XCConfigurationList;
			buildConfigurations = (
				56A4A2A11C7B3F0800762DA8 /* Debug */,
				56A4A2A21C7B3F0800762DA8 /* Release */,
			);
			defaultConfigurationIsVisible = 0;
		};
		56A4A2A31C7B3F0800762DA8 /* Build configuration list for PBXNativeTarget "TRYUITests" */ = {
			isa = XCConfigurationList;
			buildConfigurations = (
				56A4A2A41C7B3F0800762DA8 /* Debug */,
				56A4A2A51C7B3F0800762DA8 /* Release */,
			);
			defaultConfigurationIsVisible = 0;
		};
/* End XCConfigurationList section */
	};
	rootObject = 56A4A2681C7B3F0800762DA8 /* Project object */;
}
